// !$*UTF8*$!
{
	archiveVersion = 1;
	classes = {
	};
	objectVersion = 56;
	objects = {

/* Begin PBXBuildFile section */
		11A9618629A8A640006F379B /* PokedexApp.swift in Sources */ = {isa = PBXBuildFile; fileRef = 11A9618529A8A640006F379B /* PokedexApp.swift */; };
		11A9618829A8A640006F379B /* ContentView.swift in Sources */ = {isa = PBXBuildFile; fileRef = 11A9618729A8A640006F379B /* ContentView.swift */; };
		11A9618A29A8A641006F379B /* Assets.xcassets in Resources */ = {isa = PBXBuildFile; fileRef = 11A9618929A8A641006F379B /* Assets.xcassets */; };
		11A9618D29A8A641006F379B /* Preview Assets.xcassets in Resources */ = {isa = PBXBuildFile; fileRef = 11A9618C29A8A641006F379B /* Preview Assets.xcassets */; };
		11A9619929A8A76F006F379B /* ViewModel.swift in Sources */ = {isa = PBXBuildFile; fileRef = 11A9619829A8A76F006F379B /* ViewModel.swift */; };
		11A9619D29A8A7A2006F379B /* pokemon.json in Resources */ = {isa = PBXBuildFile; fileRef = 11A9619C29A8A7A2006F379B /* pokemon.json */; };
		11A9619F29A8A7B1006F379B /* Helpers.swift in Sources */ = {isa = PBXBuildFile; fileRef = 11A9619E29A8A7B1006F379B /* Helpers.swift */; };
		11A961A129A8A7BB006F379B /* PokemonManagers.swift in Sources */ = {isa = PBXBuildFile; fileRef = 11A961A029A8A7BB006F379B /* PokemonManagers.swift */; };
		11A961A329A8A7C2006F379B /* PokemonModel.swift in Sources */ = {isa = PBXBuildFile; fileRef = 11A961A229A8A7C2006F379B /* PokemonModel.swift */; };
		11A961A629A8AA68006F379B /* PokemonDetailView.swift in Sources */ = {isa = PBXBuildFile; fileRef = 11A961A529A8AA68006F379B /* PokemonDetailView.swift */; };
		11A961A829A8ACF7006F379B /* PokemonView.swift in Sources */ = {isa = PBXBuildFile; fileRef = 11A961A729A8ACF7006F379B /* PokemonView.swift */; };
/* End PBXBuildFile section */

/* Begin PBXFileReference section */
		11A9618229A8A640006F379B /* Pokedex.app */ = {isa = PBXFileReference; explicitFileType = wrapper.application; includeInIndex = 0; path = Pokedex.app; sourceTree = BUILT_PRODUCTS_DIR; };
		11A9618529A8A640006F379B /* PokedexApp.swift */ = {isa = PBXFileReference; lastKnownFileType = sourcecode.swift; path = PokedexApp.swift; sourceTree = "<group>"; };
		11A9618729A8A640006F379B /* ContentView.swift */ = {isa = PBXFileReference; lastKnownFileType = sourcecode.swift; path = ContentView.swift; sourceTree = "<group>"; };
		11A9618929A8A641006F379B /* Assets.xcassets */ = {isa = PBXFileReference; lastKnownFileType = folder.assetcatalog; path = Assets.xcassets; sourceTree = "<group>"; };
		11A9618C29A8A641006F379B /* Preview Assets.xcassets */ = {isa = PBXFileReference; lastKnownFileType = folder.assetcatalog; path = "Preview Assets.xcassets"; sourceTree = "<group>"; };
		11A9619829A8A76F006F379B /* ViewModel.swift */ = {isa = PBXFileReference; lastKnownFileType = sourcecode.swift; path = ViewModel.swift; sourceTree = "<group>"; };
		11A9619C29A8A7A2006F379B /* pokemon.json */ = {isa = PBXFileReference; lastKnownFileType = text.json; path = pokemon.json; sourceTree = "<group>"; };
		11A9619E29A8A7B1006F379B /* Helpers.swift */ = {isa = PBXFileReference; lastKnownFileType = sourcecode.swift; path = Helpers.swift; sourceTree = "<group>"; };
		11A961A029A8A7BB006F379B /* PokemonManagers.swift */ = {isa = PBXFileReference; lastKnownFileType = sourcecode.swift; path = PokemonManagers.swift; sourceTree = "<group>"; };
		11A961A229A8A7C2006F379B /* PokemonModel.swift */ = {isa = PBXFileReference; lastKnownFileType = sourcecode.swift; path = PokemonModel.swift; sourceTree = "<group>"; };
		11A961A529A8AA68006F379B /* PokemonDetailView.swift */ = {isa = PBXFileReference; lastKnownFileType = sourcecode.swift; path = PokemonDetailView.swift; sourceTree = "<group>"; };
		11A961A729A8ACF7006F379B /* PokemonView.swift */ = {isa = PBXFileReference; lastKnownFileType = sourcecode.swift; path = PokemonView.swift; sourceTree = "<group>"; };
/* End PBXFileReference section */

/* Begin PBXFrameworksBuildPhase section */
		11A9617F29A8A640006F379B /* Frameworks */ = {
			isa = PBXFrameworksBuildPhase;
			buildActionMask = 2147483647;
			files = (
			);
			runOnlyForDeploymentPostprocessing = 0;
		};
/* End PBXFrameworksBuildPhase section */

/* Begin PBXGroup section */
		11A9617929A8A640006F379B = {
			isa = PBXGroup;
			children = (
				11A9618429A8A640006F379B /* Pokedex */,
				11A9618329A8A640006F379B /* Products */,
			);
			sourceTree = "<group>";
		};
		11A9618329A8A640006F379B /* Products */ = {
			isa = PBXGroup;
			children = (
				11A9618229A8A640006F379B /* Pokedex.app */,
			);
			name = Products;
			sourceTree = "<group>";
		};
		11A9618429A8A640006F379B /* Pokedex */ = {
			isa = PBXGroup;
			children = (
				11A9619729A8A75A006F379B /* ViewModels */,
				11A9619629A8A755006F379B /* Models */,
				11A9619529A8A74D006F379B /* Managers */,
				11A9619429A8A74A006F379B /* Helpers */,
				11A9619329A8A6DF006F379B /* Data */,
				11A9618529A8A640006F379B /* PokedexApp.swift */,
				11A961A429A8A9D5006F379B /* Views */,
				11A9618929A8A641006F379B /* Assets.xcassets */,
				11A9618B29A8A641006F379B /* Preview Content */,
			);
			path = Pokedex;
			sourceTree = "<group>";
		};
		11A9618B29A8A641006F379B /* Preview Content */ = {
			isa = PBXGroup;
			children = (
				11A9618C29A8A641006F379B /* Preview Assets.xcassets */,
			);
			path = "Preview Content";
			sourceTree = "<group>";
		};
		11A9619329A8A6DF006F379B /* Data */ = {
			isa = PBXGroup;
			children = (
				11A9619C29A8A7A2006F379B /* pokemon.json */,
			);
			path = Data;
			sourceTree = "<group>";
		};
		11A9619429A8A74A006F379B /* Helpers */ = {
			isa = PBXGroup;
			children = (
				11A9619E29A8A7B1006F379B /* Helpers.swift */,
			);
			path = Helpers;
			sourceTree = "<group>";
		};
		11A9619529A8A74D006F379B /* Managers */ = {
			isa = PBXGroup;
			children = (
				11A961A029A8A7BB006F379B /* PokemonManagers.swift */,
			);
			path = Managers;
			sourceTree = "<group>";
		};
		11A9619629A8A755006F379B /* Models */ = {
			isa = PBXGroup;
			children = (
				11A961A229A8A7C2006F379B /* PokemonModel.swift */,
			);
			path = Models;
			sourceTree = "<group>";
		};
		11A9619729A8A75A006F379B /* ViewModels */ = {
			isa = PBXGroup;
			children = (
				11A9619829A8A76F006F379B /* ViewModel.swift */,
			);
			path = ViewModels;
			sourceTree = "<group>";
		};
		11A961A429A8A9D5006F379B /* Views */ = {
			isa = PBXGroup;
			children = (
				11A9618729A8A640006F379B /* ContentView.swift */,
				11A961A529A8AA68006F379B /* PokemonDetailView.swift */,
				11A961A729A8ACF7006F379B /* PokemonView.swift */,
			);
			path = Views;
			sourceTree = "<group>";
		};
/* End PBXGroup section */

/* Begin PBXNativeTarget section */
		11A9618129A8A640006F379B /* Pokedex */ = {
			isa = PBXNativeTarget;
			buildConfigurationList = 11A9619029A8A641006F379B /* Build configuration list for PBXNativeTarget "Pokedex" */;
			buildPhases = (
				11A9617E29A8A640006F379B /* Sources */,
				11A9617F29A8A640006F379B /* Frameworks */,
				11A9618029A8A640006F379B /* Resources */,
			);
			buildRules = (
			);
			dependencies = (
			);
			name = Pokedex;
			productName = Pokedex;
			productReference = 11A9618229A8A640006F379B /* Pokedex.app */;
			productType = "com.apple.product-type.application";
		};
/* End PBXNativeTarget section */

/* Begin PBXProject section */
		11A9617A29A8A640006F379B /* Project object */ = {
			isa = PBXProject;
			attributes = {
				BuildIndependentTargetsInParallel = 1;
				LastSwiftUpdateCheck = 1420;
				LastUpgradeCheck = 1420;
				TargetAttributes = {
					11A9618129A8A640006F379B = {
						CreatedOnToolsVersion = 14.2;
					};
				};
			};
			buildConfigurationList = 11A9617D29A8A640006F379B /* Build configuration list for PBXProject "Pokedex" */;
			compatibilityVersion = "Xcode 14.0";
			developmentRegion = en;
			hasScannedForEncodings = 0;
			knownRegions = (
				en,
				Base,
			);
			mainGroup = 11A9617929A8A640006F379B;
			productRefGroup = 11A9618329A8A640006F379B /* Products */;
			projectDirPath = "";
			projectRoot = "";
			targets = (
				11A9618129A8A640006F379B /* Pokedex */,
			);
		};
/* End PBXProject section */

/* Begin PBXResourcesBuildPhase section */
		11A9618029A8A640006F379B /* Resources */ = {
			isa = PBXResourcesBuildPhase;
			buildActionMask = 2147483647;
			files = (
				11A9618D29A8A641006F379B /* Preview Assets.xcassets in Resources */,
				11A9619D29A8A7A2006F379B /* pokemon.json in Resources */,
				11A9618A29A8A641006F379B /* Assets.xcassets in Resources */,
			);
			runOnlyForDeploymentPostprocessing = 0;
		};
/* End PBXResourcesBuildPhase section */

/* Begin PBXSourcesBuildPhase section */
		11A9617E29A8A640006F379B /* Sources */ = {
			isa = PBXSourcesBuildPhase;
			buildActionMask = 2147483647;
			files = (
				11A961A829A8ACF7006F379B /* PokemonView.swift in Sources */,
				11A9618829A8A640006F379B /* ContentView.swift in Sources */,
				11A961A329A8A7C2006F379B /* PokemonModel.swift in Sources */,
				11A9619929A8A76F006F379B /* ViewModel.swift in Sources */,
				11A961A129A8A7BB006F379B /* PokemonManagers.swift in Sources */,
				11A9618629A8A640006F379B /* PokedexApp.swift in Sources */,
				11A961A629A8AA68006F379B /* PokemonDetailView.swift in Sources */,
				11A9619F29A8A7B1006F379B /* Helpers.swift in Sources */,
			);
			runOnlyForDeploymentPostprocessing = 0;
		};
/* End PBXSourcesBuildPhase section */

/* Begin XCBuildConfiguration section */
		11A9618E29A8A641006F379B /* Debug */ = {
			isa = XCBuildConfiguration;
			buildSettings = {
				ALWAYS_SEARCH_USER_PATHS = NO;
				CLANG_ANALYZER_NONNULL = YES;
				CLANG_ANALYZER_NUMBER_OBJECT_CONVERSION = YES_AGGRESSIVE;
				CLANG_CXX_LANGUAGE_STANDARD = "gnu++20";
				CLANG_ENABLE_MODULES = YES;
				CLANG_ENABLE_OBJC_ARC = YES;
				CLANG_ENABLE_OBJC_WEAK = YES;
				CLANG_WARN_BLOCK_CAPTURE_AUTORELEASING = YES;
				CLANG_WARN_BOOL_CONVERSION = YES;
				CLANG_WARN_COMMA = YES;
				CLANG_WARN_CONSTANT_CONVERSION = YES;
				CLANG_WARN_DEPRECATED_OBJC_IMPLEMENTATIONS = YES;
				CLANG_WARN_DIRECT_OBJC_ISA_USAGE = YES_ERROR;
				CLANG_WARN_DOCUMENTATION_COMMENTS = YES;
				CLANG_WARN_EMPTY_BODY = YES;
				CLANG_WARN_ENUM_CONVERSION = YES;
				CLANG_WARN_INFINITE_RECURSION = YES;
				CLANG_WARN_INT_CONVERSION = YES;
				CLANG_WARN_NON_LITERAL_NULL_CONVERSION = YES;
				CLANG_WARN_OBJC_IMPLICIT_RETAIN_SELF = YES;
				CLANG_WARN_OBJC_LITERAL_CONVERSION = YES;
				CLANG_WARN_OBJC_ROOT_CLASS = YES_ERROR;
				CLANG_WARN_QUOTED_INCLUDE_IN_FRAMEWORK_HEADER = YES;
				CLANG_WARN_RANGE_LOOP_ANALYSIS = YES;
				CLANG_WARN_STRICT_PROTOTYPES = YES;
				CLANG_WARN_SUSPICIOUS_MOVE = YES;
				CLANG_WARN_UNGUARDED_AVAILABILITY = YES_AGGRESSIVE;
				CLANG_WARN_UNREACHABLE_CODE = YES;
				CLANG_WARN__DUPLICATE_METHOD_MATCH = YES;
				COPY_PHASE_STRIP = NO;
				DEBUG_INFORMATION_FORMAT = dwarf;
				ENABLE_STRICT_OBJC_MSGSEND = YES;
				ENABLE_TESTABILITY = YES;
				GCC_C_LANGUAGE_STANDARD = gnu11;
				GCC_DYNAMIC_NO_PIC = NO;
				GCC_NO_COMMON_BLOCKS = YES;
				GCC_OPTIMIZATION_LEVEL = 0;
				GCC_PREPROCESSOR_DEFINITIONS = (
					"DEBUG=1",
					"$(inherited)",
				);
				GCC_WARN_64_TO_32_BIT_CONVERSION = YES;
				GCC_WARN_ABOUT_RETURN_TYPE = YES_ERROR;
				GCC_WARN_UNDECLARED_SELECTOR = YES;
				GCC_WARN_UNINITIALIZED_AUTOS = YES_AGGRESSIVE;
				GCC_WARN_UNUSED_FUNCTION = YES;
				GCC_WARN_UNUSED_VARIABLE = YES;
				IPHONEOS_DEPLOYMENT_TARGET = 16.2;
				MTL_ENABLE_DEBUG_INFO = INCLUDE_SOURCE;
				MTL_FAST_MATH = YES;
				ONLY_ACTIVE_ARCH = YES;
				SDKROOT = iphoneos;
				SWIFT_ACTIVE_COMPILATION_CONDITIONS = DEBUG;
				SWIFT_OPTIMIZATION_LEVEL = "-Onone";
			};
			name = Debug;
		};
		11A9618F29A8A641006F379B /* Release */ = {
			isa = XCBuildConfiguration;
			buildSettings = {
				ALWAYS_SEARCH_USER_PATHS = NO;
				CLANG_ANALYZER_NONNULL = YES;
				CLANG_ANALYZER_NUMBER_OBJECT_CONVERSION = YES_AGGRESSIVE;
				CLANG_CXX_LANGUAGE_STANDARD = "gnu++20";
				CLANG_ENABLE_MODULES = YES;
				CLANG_ENABLE_OBJC_ARC = YES;
				CLANG_ENABLE_OBJC_WEAK = YES;
				CLANG_WARN_BLOCK_CAPTURE_AUTORELEASING = YES;
				CLANG_WARN_BOOL_CONVERSION = YES;
				CLANG_WARN_COMMA = YES;
				CLANG_WARN_CONSTANT_CONVERSION = YES;
				CLANG_WARN_DEPRECATED_OBJC_IMPLEMENTATIONS = YES;
				CLANG_WARN_DIRECT_OBJC_ISA_USAGE = YES_ERROR;
				CLANG_WARN_DOCUMENTATION_COMMENTS = YES;
				CLANG_WARN_EMPTY_BODY = YES;
				CLANG_WARN_ENUM_CONVERSION = YES;
				CLANG_WARN_INFINITE_RECURSION = YES;
				CLANG_WARN_INT_CONVERSION = YES;
				CLANG_WARN_NON_LITERAL_NULL_CONVERSION = YES;
				CLANG_WARN_OBJC_IMPLICIT_RETAIN_SELF = YES;
				CLANG_WARN_OBJC_LITERAL_CONVERSION = YES;
				CLANG_WARN_OBJC_ROOT_CLASS = YES_ERROR;
				CLANG_WARN_QUOTED_INCLUDE_IN_FRAMEWORK_HEADER = YES;
				CLANG_WARN_RANGE_LOOP_ANALYSIS = YES;
				CLANG_WARN_STRICT_PROTOTYPES = YES;
				CLANG_WARN_SUSPICIOUS_MOVE = YES;
				CLANG_WARN_UNGUARDED_AVAILABILITY = YES_AGGRESSIVE;
				CLANG_WARN_UNREACHABLE_CODE = YES;
				CLANG_WARN__DUPLICATE_METHOD_MATCH = YES;
				COPY_PHASE_STRIP = NO;
				DEBUG_INFORMATION_FORMAT = "dwarf-with-dsym";
				ENABLE_NS_ASSERTIONS = NO;
				ENABLE_STRICT_OBJC_MSGSEND = YES;
				GCC_C_LANGUAGE_STANDARD = gnu11;
				GCC_NO_COMMON_BLOCKS = YES;
				GCC_WARN_64_TO_32_BIT_CONVERSION = YES;
				GCC_WARN_ABOUT_RETURN_TYPE = YES_ERROR;
				GCC_WARN_UNDECLARED_SELECTOR = YES;
				GCC_WARN_UNINITIALIZED_AUTOS = YES_AGGRESSIVE;
				GCC_WARN_UNUSED_FUNCTION = YES;
				GCC_WARN_UNUSED_VARIABLE = YES;
				IPHONEOS_DEPLOYMENT_TARGET = 16.2;
				MTL_ENABLE_DEBUG_INFO = NO;
				MTL_FAST_MATH = YES;
				SDKROOT = iphoneos;
				SWIFT_COMPILATION_MODE = wholemodule;
				SWIFT_OPTIMIZATION_LEVEL = "-O";
				VALIDATE_PRODUCT = YES;
			};
			name = Release;
		};
		11A9619129A8A641006F379B /* Debug */ = {
			isa = XCBuildConfiguration;
			buildSettings = {
				ASSETCATALOG_COMPILER_APPICON_NAME = AppIcon;
				ASSETCATALOG_COMPILER_GLOBAL_ACCENT_COLOR_NAME = AccentColor;
				CODE_SIGN_STYLE = Automatic;
				CURRENT_PROJECT_VERSION = 1;
				DEVELOPMENT_ASSET_PATHS = "\"Pokedex/Preview Content\"";
				DEVELOPMENT_TEAM = Q5YMW62LKL;
				ENABLE_PREVIEWS = YES;
				GENERATE_INFOPLIST_FILE = YES;
				INFOPLIST_KEY_UIApplicationSceneManifest_Generation = YES;
				INFOPLIST_KEY_UIApplicationSupportsIndirectInputEvents = YES;
				INFOPLIST_KEY_UILaunchScreen_Generation = YES;
				INFOPLIST_KEY_UISupportedInterfaceOrientations_iPad = "UIInterfaceOrientationPortrait UIInterfaceOrientationPortraitUpsideDown UIInterfaceOrientationLandscapeLeft UIInterfaceOrientationLandscapeRight";
				INFOPLIST_KEY_UISupportedInterfaceOrientations_iPhone = "UIInterfaceOrientationPortrait UIInterfaceOrientationLandscapeLeft UIInterfaceOrientationLandscapeRight";
				LD_RUNPATH_SEARCH_PATHS = (
					"$(inherited)",
					"@executable_path/Frameworks",
				);
				MARKETING_VERSION = 1.0;
				PRODUCT_BUNDLE_IDENTIFIER = com.test.pokedex;
				PRODUCT_NAME = "$(TARGET_NAME)";
				SWIFT_EMIT_LOC_STRINGS = YES;
				SWIFT_VERSION = 5.0;
				TARGETED_DEVICE_FAMILY = "1,2";
			};
			name = Debug;
		};
		11A9619229A8A641006F379B /* Release */ = {
			isa = XCBuildConfiguration;
			buildSettings = {
				ASSETCATALOG_COMPILER_APPICON_NAME = AppIcon;
				ASSETCATALOG_COMPILER_GLOBAL_ACCENT_COLOR_NAME = AccentColor;
				CODE_SIGN_STYLE = Automatic;
				CURRENT_PROJECT_VERSION = 1;
				DEVELOPMENT_ASSET_PATHS = "\"Pokedex/Preview Content\"";
				DEVELOPMENT_TEAM = Q5YMW62LKL;
				ENABLE_PREVIEWS = YES;
				GENERATE_INFOPLIST_FILE = YES;
				INFOPLIST_KEY_UIApplicationSceneManifest_Generation = YES;
				INFOPLIST_KEY_UIApplicationSupportsIndirectInputEvents = YES;
				INFOPLIST_KEY_UILaunchScreen_Generation = YES;
				INFOPLIST_KEY_UISupportedInterfaceOrientations_iPad = "UIInterfaceOrientationPortrait UIInterfaceOrientationPortraitUpsideDown UIInterfaceOrientationLandscapeLeft UIInterfaceOrientationLandscapeRight";
				INFOPLIST_KEY_UISupportedInterfaceOrientations_iPhone = "UIInterfaceOrientationPortrait UIInterfaceOrientationLandscapeLeft UIInterfaceOrientationLandscapeRight";
				LD_RUNPATH_SEARCH_PATHS = (
					"$(inherited)",
					"@executable_path/Frameworks",
				);
				MARKETING_VERSION = 1.0;
				PRODUCT_BUNDLE_IDENTIFIER = com.test.pokedex;
				PRODUCT_NAME = "$(TARGET_NAME)";
				SWIFT_EMIT_LOC_STRINGS = YES;
				SWIFT_VERSION = 5.0;
				TARGETED_DEVICE_FAMILY = "1,2";
			};
			name = Release;
		};
/* End XCBuildConfiguration section */

/* Begin XCConfigurationList section */
		11A9617D29A8A640006F379B /* Build configuration list for PBXProject "Pokedex" */ = {
			isa = XCConfigurationList;
			buildConfigurations = (
				11A9618E29A8A641006F379B /* Debug */,
				11A9618F29A8A641006F379B /* Release */,
			);
			defaultConfigurationIsVisible = 0;
			defaultConfigurationName = Release;
		};
		11A9619029A8A641006F379B /* Build configuration list for PBXNativeTarget "Pokedex" */ = {
			isa = XCConfigurationList;
			buildConfigurations = (
				11A9619129A8A641006F379B /* Debug */,
				11A9619229A8A641006F379B /* Release */,
			);
			defaultConfigurationIsVisible = 0;
			defaultConfigurationName = Release;
		};
/* End XCConfigurationList section */
	};
	rootObject = 11A9617A29A8A640006F379B /* Project object */;
}
